# THIS IS AN AUTOGENERATED FILE. DO NOT EDIT THIS FILE DIRECTLY.
# yarn lockfile v1


"@babel/code-frame@^7.0.0":
  version "7.14.5"
  resolved "https://repository.vnerd.com/artifactory/api/npm/npm-pluralsight/@babel/code-frame/-/code-frame-7.14.5.tgz#23b08d740e83f49c5e59945fbf1b43e80bbf4edb"
  integrity sha1-I7CNdA6D9JxeWZRfvxtD6Au/Tts=
  dependencies:
    "@babel/highlight" "^7.14.5"

"@babel/helper-validator-identifier@^7.14.5":
  version "7.14.9"
  resolved "https://repository.vnerd.com/artifactory/api/npm/npm-pluralsight/@babel/helper-validator-identifier/-/helper-validator-identifier-7.14.9.tgz#6654d171b2024f6d8ee151bf2509699919131d48"
  integrity sha1-ZlTRcbICT22O4VG/JQlpmRkTHUg=

"@babel/highlight@^7.14.5":
  version "7.14.5"
  resolved "https://repository.vnerd.com/artifactory/api/npm/npm-pluralsight/@babel/highlight/-/highlight-7.14.5.tgz#6861a52f03966405001f6aa534a01a24d99e8cd9"
  integrity sha1-aGGlLwOWZAUAH2qlNKAaJNmejNk=
  dependencies:
    "@babel/helper-validator-identifier" "^7.14.5"
    chalk "^2.0.0"
    js-tokens "^4.0.0"

"@types/normalize-package-data@^2.4.0":
  version "2.4.1"
  resolved "https://repository.vnerd.com/artifactory/api/npm/npm-pluralsight/@types/normalize-package-data/-/normalize-package-data-2.4.1.tgz#d3357479a0fdfdd5907fe67e17e0a85c906e1301"
  integrity sha1-0zV0eaD9/dWQf+Z+F+CoXJBuEwE=

ansi-regex@^5.0.0:
  version "5.0.0"
  resolved "https://repository.vnerd.com/artifactory/api/npm/npm-pluralsight/ansi-regex/-/ansi-regex-5.0.0.tgz#388539f55179bf39339c81af30a654d69f87cb75"
  integrity sha1-OIU59VF5vzkznIGvMKZU1p+Hy3U=

ansi-styles@^3.2.1:
  version "3.2.1"
  resolved "https://repository.vnerd.com/artifactory/api/npm/npm-pluralsight/ansi-styles/-/ansi-styles-3.2.1.tgz#41fbb20243e50b12be0f04b8dedbf07520ce841d"
  integrity sha1-QfuyAkPlCxK+DwS43tvwdSDOhB0=
  dependencies:
    color-convert "^1.9.0"

ansi-styles@^4.0.0, ansi-styles@^4.1.0:
  version "4.3.0"
  resolved "https://repository.vnerd.com/artifactory/api/npm/npm-pluralsight/ansi-styles/-/ansi-styles-4.3.0.tgz#edd803628ae71c04c85ae7a0906edad34b648937"
  integrity sha1-7dgDYornHATIWuegkG7a00tkiTc=
  dependencies:
    color-convert "^2.0.1"

chalk@^2.0.0:
  version "2.4.2"
  resolved "https://repository.vnerd.com/artifactory/api/npm/npm-pluralsight/chalk/-/chalk-2.4.2.tgz#cd42541677a54333cf541a49108c1432b44c9424"
  integrity sha1-zUJUFnelQzPPVBpJEIwUMrRMlCQ=
  dependencies:
    ansi-styles "^3.2.1"
    escape-string-regexp "^1.0.5"
    supports-color "^5.3.0"

chalk@^4.1.0:
  version "4.1.2"
  resolved "https://repository.vnerd.com/artifactory/api/npm/npm-pluralsight/chalk/-/chalk-4.1.2.tgz#aac4e2b7734a740867aeb16bf02aad556a1e7a01"
  integrity sha1-qsTit3NKdAhnrrFr8CqtVWoeegE=
  dependencies:
    ansi-styles "^4.1.0"
    supports-color "^7.1.0"

cliui@^7.0.2:
  version "7.0.4"
  resolved "https://repository.vnerd.com/artifactory/api/npm/npm-pluralsight/cliui/-/cliui-7.0.4.tgz#a0265ee655476fc807aea9df3df8df7783808b4f"
  integrity sha1-oCZe5lVHb8gHrqnfPfjfd4OAi08=
  dependencies:
    string-width "^4.2.0"
    strip-ansi "^6.0.0"
    wrap-ansi "^7.0.0"

color-convert@^1.9.0:
  version "1.9.3"
  resolved "https://repository.vnerd.com/artifactory/api/npm/npm-pluralsight/color-convert/-/color-convert-1.9.3.tgz#bb71850690e1f136567de629d2d5471deda4c1e8"
  integrity sha1-u3GFBpDh8TZWfeYp0tVHHe2kweg=
  dependencies:
    color-name "1.1.3"

color-convert@^2.0.1:
  version "2.0.1"
  resolved "https://repository.vnerd.com/artifactory/api/npm/npm-pluralsight/color-convert/-/color-convert-2.0.1.tgz#72d3a68d598c9bdb3af2ad1e84f21d896abd4de3"
  integrity sha1-ctOmjVmMm9s68q0ehPIdiWq9TeM=
  dependencies:
    color-name "~1.1.4"

color-name@1.1.3:
  version "1.1.3"
  resolved "https://repository.vnerd.com/artifactory/api/npm/npm-pluralsight/color-name/-/color-name-1.1.3.tgz#a7d0558bd89c42f795dd42328f740831ca53bc25"
  integrity sha1-p9BVi9icQveV3UIyj3QIMcpTvCU=

color-name@~1.1.4:
  version "1.1.4"
  resolved "https://repository.vnerd.com/artifactory/api/npm/npm-pluralsight/color-name/-/color-name-1.1.4.tgz#c2a09a87acbde69543de6f63fa3995c826c536a2"
  integrity sha1-wqCah6y95pVD3m9j+jmVyCbFNqI=

concurrently@^6.2.1:
  version "6.2.1"
  resolved "https://repository.vnerd.com/artifactory/api/npm/npm-pluralsight/concurrently/-/concurrently-6.2.1.tgz#d880fc1d77559084732fa514092a3d5109a0d5bf"
  integrity sha1-2ID8HXdVkIRzL6UUCSo9UQmg1b8=
  dependencies:
    chalk "^4.1.0"
    date-fns "^2.16.1"
    lodash "^4.17.21"
    read-pkg "^5.2.0"
    rxjs "^6.6.3"
    spawn-command "^0.0.2-1"
    supports-color "^8.1.0"
    tree-kill "^1.2.2"
    yargs "^16.2.0"

date-fns@^2.16.1:
  version "2.23.0"
  resolved "https://repository.vnerd.com/artifactory/api/npm/npm-pluralsight/date-fns/-/date-fns-2.23.0.tgz#4e886c941659af0cf7b30fafdd1eaa37e88788a9"
  integrity sha1-TohslBZZrwz3sw+v3R6qN+iHiKk=

emoji-regex@^8.0.0:
  version "8.0.0"
  resolved "https://repository.vnerd.com/artifactory/api/npm/npm-pluralsight/emoji-regex/-/emoji-regex-8.0.0.tgz#e818fd69ce5ccfcb404594f842963bf53164cc37"
  integrity sha1-6Bj9ac5cz8tARZT4QpY79TFkzDc=

error-ex@^1.3.1:
  version "1.3.2"
  resolved "https://repository.vnerd.com/artifactory/api/npm/npm-pluralsight/error-ex/-/error-ex-1.3.2.tgz#b4ac40648107fdcdcfae242f428bea8a14d4f1bf"
  integrity sha1-tKxAZIEH/c3PriQvQovqihTU8b8=
  dependencies:
    is-arrayish "^0.2.1"

escalade@^3.1.1:
  version "3.1.1"
  resolved "https://repository.vnerd.com/artifactory/api/npm/npm-pluralsight/escalade/-/escalade-3.1.1.tgz#d8cfdc7000965c5a0174b4a82eaa5c0552742e40"
  integrity sha1-2M/ccACWXFoBdLSoLqpcBVJ0LkA=

escape-string-regexp@^1.0.5:
  version "1.0.5"
  resolved "https://repository.vnerd.com/artifactory/api/npm/npm-pluralsight/escape-string-regexp/-/escape-string-regexp-1.0.5.tgz#1b61c0562190a8dff6ae3bb2cf0200ca130b86d4"
  integrity sha1-G2HAViGQqN/2rjuyzwIAyhMLhtQ=

function-bind@^1.1.1:
  version "1.1.1"
  resolved "https://repository.vnerd.com/artifactory/api/npm/npm-pluralsight/function-bind/-/function-bind-1.1.1.tgz#a56899d3ea3c9bab874bb9773b7c5ede92f4895d"
  integrity sha1-pWiZ0+o8m6uHS7l3O3xe3pL0iV0=

get-caller-file@^2.0.5:
  version "2.0.5"
  resolved "https://repository.vnerd.com/artifactory/api/npm/npm-pluralsight/get-caller-file/-/get-caller-file-2.0.5.tgz#4f94412a82db32f36e3b0b9741f8a97feb031f7e"
  integrity sha1-T5RBKoLbMvNuOwuXQfipf+sDH34=

has-flag@^3.0.0:
  version "3.0.0"
  resolved "https://repository.vnerd.com/artifactory/api/npm/npm-pluralsight/has-flag/-/has-flag-3.0.0.tgz#b5d454dc2199ae225699f3467e5a07f3b955bafd"
  integrity sha1-tdRU3CGZriJWmfNGfloH87lVuv0=

has-flag@^4.0.0:
  version "4.0.0"
  resolved "https://repository.vnerd.com/artifactory/api/npm/npm-pluralsight/has-flag/-/has-flag-4.0.0.tgz#944771fd9c81c81265c4d6941860da06bb59479b"
  integrity sha1-lEdx/ZyByBJlxNaUGGDaBrtZR5s=

has@^1.0.3:
  version "1.0.3"
  resolved "https://repository.vnerd.com/artifactory/api/npm/npm-pluralsight/has/-/has-1.0.3.tgz#722d7cbfc1f6aa8241f16dd814e011e1f41e8796"
  integrity sha1-ci18v8H2qoJB8W3YFOAR4fQeh5Y=
  dependencies:
    function-bind "^1.1.1"

hosted-git-info@^2.1.4:
  version "2.8.9"
  resolved "https://repository.vnerd.com/artifactory/api/npm/npm-pluralsight/hosted-git-info/-/hosted-git-info-2.8.9.tgz#dffc0bf9a21c02209090f2aa69429e1414daf3f9"
  integrity sha1-3/wL+aIcAiCQkPKqaUKeFBTa8/k=

is-arrayish@^0.2.1:
  version "0.2.1"
  resolved "https://repository.vnerd.com/artifactory/api/npm/npm-pluralsight/is-arrayish/-/is-arrayish-0.2.1.tgz#77c99840527aa8ecb1a8ba697b80645a7a926a9d"
  integrity sha1-d8mYQFJ6qOyxqLppe4BkWnqSap0=

is-core-module@^2.2.0:
  version "2.6.0"
  resolved "https://repository.vnerd.com/artifactory/api/npm/npm-pluralsight/is-core-module/-/is-core-module-2.6.0.tgz#d7553b2526fe59b92ba3e40c8df757ec8a709e19"
  integrity sha1-11U7JSb+Wbkro+QMjfdX7Ipwnhk=
  dependencies:
    has "^1.0.3"

is-fullwidth-code-point@^3.0.0:
  version "3.0.0"
  resolved "https://repository.vnerd.com/artifactory/api/npm/npm-pluralsight/is-fullwidth-code-point/-/is-fullwidth-code-point-3.0.0.tgz#f116f8064fe90b3f7844a38997c0b75051269f1d"
  integrity sha1-8Rb4Bk/pCz94RKOJl8C3UFEmnx0=

js-tokens@^4.0.0:
  version "4.0.0"
  resolved "https://repository.vnerd.com/artifactory/api/npm/npm-pluralsight/js-tokens/-/js-tokens-4.0.0.tgz#19203fb59991df98e3a287050d4647cdeaf32499"
  integrity sha1-GSA/tZmR35jjoocFDUZHzerzJJk=

json-parse-even-better-errors@^2.3.0:
  version "2.3.1"
  resolved "https://repository.vnerd.com/artifactory/api/npm/npm-pluralsight/json-parse-even-better-errors/-/json-parse-even-better-errors-2.3.1.tgz#7c47805a94319928e05777405dc12e1f7a4ee02d"
  integrity sha1-fEeAWpQxmSjgV3dAXcEuH3pO4C0=

lines-and-columns@^1.1.6:
  version "1.1.6"
  resolved "https://repository.vnerd.com/artifactory/api/npm/npm-pluralsight/lines-and-columns/-/lines-and-columns-1.1.6.tgz#1c00c743b433cd0a4e80758f7b64a57440d9ff00"
  integrity sha1-HADHQ7QzzQpOgHWPe2SldEDZ/wA=

lodash@^4.17.21:
  version "4.17.21"
  resolved "https://repository.vnerd.com/artifactory/api/npm/npm-pluralsight/lodash/-/lodash-4.17.21.tgz#679591c564c3bffaae8454cf0b3df370c3d6911c"
  integrity sha1-Z5WRxWTDv/quhFTPCz3zcMPWkRw=

normalize-package-data@^2.5.0:
  version "2.5.0"
  resolved "https://repository.vnerd.com/artifactory/api/npm/npm-pluralsight/normalize-package-data/-/normalize-package-data-2.5.0.tgz#e66db1838b200c1dfc233225d12cb36520e234a8"
  integrity sha1-5m2xg4sgDB38IzIl0SyzZSDiNKg=
  dependencies:
    hosted-git-info "^2.1.4"
    resolve "^1.10.0"
    semver "2 || 3 || 4 || 5"
    validate-npm-package-license "^3.0.1"

parse-json@^5.0.0:
  version "5.2.0"
  resolved "https://repository.vnerd.com/artifactory/api/npm/npm-pluralsight/parse-json/-/parse-json-5.2.0.tgz#c76fc66dee54231c962b22bcc8a72cf2f99753cd"
  integrity sha1-x2/Gbe5UIxyWKyK8yKcs8vmXU80=
  dependencies:
    "@babel/code-frame" "^7.0.0"
    error-ex "^1.3.1"
    json-parse-even-better-errors "^2.3.0"
    lines-and-columns "^1.1.6"

path-parse@^1.0.6:
  version "1.0.7"
  resolved "https://repository.vnerd.com/artifactory/api/npm/npm-pluralsight/path-parse/-/path-parse-1.0.7.tgz#fbc114b60ca42b30d9daf5858e4bd68bbedb6735"
  integrity sha1-+8EUtgykKzDZ2vWFjkvWi77bZzU=

read-pkg@^5.2.0:
  version "5.2.0"
  resolved "https://repository.vnerd.com/artifactory/api/npm/npm-pluralsight/read-pkg/-/read-pkg-5.2.0.tgz#7bf295438ca5a33e56cd30e053b34ee7250c93cc"
  integrity sha1-e/KVQ4yloz5WzTDgU7NO5yUMk8w=
  dependencies:
    "@types/normalize-package-data" "^2.4.0"
    normalize-package-data "^2.5.0"
    parse-json "^5.0.0"
    type-fest "^0.6.0"

require-directory@^2.1.1:
  version "2.1.1"
  resolved "https://repository.vnerd.com/artifactory/api/npm/npm-pluralsight/require-directory/-/require-directory-2.1.1.tgz#8c64ad5fd30dab1c976e2344ffe7f792a6a6df42"
  integrity sha1-jGStX9MNqxyXbiNE/+f3kqam30I=

resolve@^1.10.0:
  version "1.20.0"
  resolved "https://repository.vnerd.com/artifactory/api/npm/npm-pluralsight/resolve/-/resolve-1.20.0.tgz#629a013fb3f70755d6f0b7935cc1c2c5378b1975"
  integrity sha1-YpoBP7P3B1XW8LeTXMHCxTeLGXU=
  dependencies:
    is-core-module "^2.2.0"
    path-parse "^1.0.6"

rxjs@^6.6.3:
  version "6.6.7"
  resolved "https://repository.vnerd.com/artifactory/api/npm/npm-pluralsight/rxjs/-/rxjs-6.6.7.tgz#90ac018acabf491bf65044235d5863c4dab804c9"
  integrity sha1-kKwBisq/SRv2UEQjXVhjxNq4BMk=
  dependencies:
    tslib "^1.9.0"

"semver@2 || 3 || 4 || 5":
  version "5.7.1"
  resolved "https://repository.vnerd.com/artifactory/api/npm/npm-pluralsight/semver/-/semver-5.7.1.tgz#a954f931aeba508d307bbf069eff0c01c96116f7"
  integrity sha1-qVT5Ma66UI0we78Gnv8MAclhFvc=

spawn-command@^0.0.2-1:
  version "0.0.2-1"
  resolved "https://repository.vnerd.com/artifactory/api/npm/npm-pluralsight/spawn-command/-/spawn-command-0.0.2-1.tgz#62f5e9466981c1b796dc5929937e11c9c6921bd0"
  integrity sha1-YvXpRmmBwbeW3Fkpk34RycaSG9A=

spdx-correct@^3.0.0:
  version "3.1.1"
  resolved "https://repository.vnerd.com/artifactory/api/npm/npm-pluralsight/spdx-correct/-/spdx-correct-3.1.1.tgz#dece81ac9c1e6713e5f7d1b6f17d468fa53d89a9"
  integrity sha1-3s6BrJweZxPl99G28X1Gj6U9iak=
  dependencies:
    spdx-expression-parse "^3.0.0"
    spdx-license-ids "^3.0.0"

spdx-exceptions@^2.1.0:
  version "2.3.0"
  resolved "https://repository.vnerd.com/artifactory/api/npm/npm-pluralsight/spdx-exceptions/-/spdx-exceptions-2.3.0.tgz#3f28ce1a77a00372683eade4a433183527a2163d"
  integrity sha1-PyjOGnegA3JoPq3kpDMYNSeiFj0=

spdx-expression-parse@^3.0.0:
  version "3.0.1"
  resolved "https://repository.vnerd.com/artifactory/api/npm/npm-pluralsight/spdx-expression-parse/-/spdx-expression-parse-3.0.1.tgz#cf70f50482eefdc98e3ce0a6833e4a53ceeba679"
  integrity sha1-z3D1BILu/cmOPOCmgz5KU87rpnk=
  dependencies:
    spdx-exceptions "^2.1.0"
    spdx-license-ids "^3.0.0"

spdx-license-ids@^3.0.0:
  version "3.0.10"
  resolved "https://repository.vnerd.com/artifactory/api/npm/npm-pluralsight/spdx-license-ids/-/spdx-license-ids-3.0.10.tgz#0d9becccde7003d6c658d487dd48a32f0bf3014b"
  integrity sha1-DZvszN5wA9bGWNSH3UijLwvzAUs=

string-width@^4.1.0, string-width@^4.2.0:
  version "4.2.2"
  resolved "https://repository.vnerd.com/artifactory/api/npm/npm-pluralsight/string-width/-/string-width-4.2.2.tgz#dafd4f9559a7585cfba529c6a0a4f73488ebd4c5"
  integrity sha1-2v1PlVmnWFz7pSnGoKT3NIjr1MU=
  dependencies:
    emoji-regex "^8.0.0"
    is-fullwidth-code-point "^3.0.0"
    strip-ansi "^6.0.0"

strip-ansi@^6.0.0:
  version "6.0.0"
  resolved "https://repository.vnerd.com/artifactory/api/npm/npm-pluralsight/strip-ansi/-/strip-ansi-6.0.0.tgz#0b1571dd7669ccd4f3e06e14ef1eed26225ae532"
  integrity sha1-CxVx3XZpzNTz4G4U7x7tJiJa5TI=
  dependencies:
    ansi-regex "^5.0.0"

supports-color@^5.3.0:
  version "5.5.0"
  resolved "https://repository.vnerd.com/artifactory/api/npm/npm-pluralsight/supports-color/-/supports-color-5.5.0.tgz#e2e69a44ac8772f78a1ec0b35b689df6530efc8f"
  integrity sha1-4uaaRKyHcveKHsCzW2id9lMO/I8=
  dependencies:
    has-flag "^3.0.0"

supports-color@^7.1.0:
  version "7.2.0"
  resolved "https://repository.vnerd.com/artifactory/api/npm/npm-pluralsight/supports-color/-/supports-color-7.2.0.tgz#1b7dcdcb32b8138801b3e478ba6a51caa89648da"
  integrity sha1-G33NyzK4E4gBs+R4umpRyqiWSNo=
  dependencies:
    has-flag "^4.0.0"

supports-color@^8.1.0:
  version "8.1.1"
  resolved "https://repository.vnerd.com/artifactory/api/npm/npm-pluralsight/supports-color/-/supports-color-8.1.1.tgz#cd6fc17e28500cff56c1b86c0a7fd4a54a73005c"
  integrity sha1-zW/BfihQDP9WwbhsCn/UpUpzAFw=
  dependencies:
    has-flag "^4.0.0"

tree-kill@^1.2.2:
  version "1.2.2"
  resolved "https://repository.vnerd.com/artifactory/api/npm/npm-pluralsight/tree-kill/-/tree-kill-1.2.2.tgz#4ca09a9092c88b73a7cdc5e8a01b507b0790a0cc"
  integrity sha1-TKCakJLIi3OnzcXooBtQeweQoMw=

tslib@^1.9.0:
  version "1.14.1"
  resolved "https://repository.vnerd.com/artifactory/api/npm/npm-pluralsight/tslib/-/tslib-1.14.1.tgz#cf2d38bdc34a134bcaf1091c41f6619e2f672d00"
  integrity sha1-zy04vcNKE0vK8QkcQfZhni9nLQA=

type-fest@^0.6.0:
  version "0.6.0"
  resolved "https://repository.vnerd.com/artifactory/api/npm/npm-pluralsight/type-fest/-/type-fest-0.6.0.tgz#8d2a2370d3df886eb5c90ada1c5bf6188acf838b"
  integrity sha1-jSojcNPfiG61yQraHFv2GIrPg4s=

validate-npm-package-license@^3.0.1:
  version "3.0.4"
  resolved "https://repository.vnerd.com/artifactory/api/npm/npm-pluralsight/validate-npm-package-license/-/validate-npm-package-license-3.0.4.tgz#fc91f6b9c7ba15c857f4cb2c5defeec39d4f410a"
  integrity sha1-/JH2uce6FchX9MssXe/uw51PQQo=
  dependencies:
    spdx-correct "^3.0.0"
    spdx-expression-parse "^3.0.0"

wrap-ansi@^7.0.0:
  version "7.0.0"
  resolved "https://repository.vnerd.com/artifactory/api/npm/npm-pluralsight/wrap-ansi/-/wrap-ansi-7.0.0.tgz#67e145cff510a6a6984bdf1152911d69d2eb9e43"
  integrity sha1-Z+FFz/UQpqaYS98RUpEdadLrnkM=
  dependencies:
    ansi-styles "^4.0.0"
    string-width "^4.1.0"
    strip-ansi "^6.0.0"

y18n@^5.0.5:
  version "5.0.8"
  resolved "https://repository.vnerd.com/artifactory/api/npm/npm-pluralsight/y18n/-/y18n-5.0.8.tgz#7f4934d0f7ca8c56f95314939ddcd2dd91ce1d55"
  integrity sha1-f0k00PfKjFb5UxSTndzS3ZHOHVU=

yargs-parser@^20.2.2:
  version "20.2.9"
  resolved "https://repository.vnerd.com/artifactory/api/npm/npm-pluralsight/yargs-parser/-/yargs-parser-20.2.9.tgz#2eb7dc3b0289718fc295f362753845c41a0c94ee"
  integrity sha1-LrfcOwKJcY/ClfNidThFxBoMlO4=

yargs@^16.2.0:
  version "16.2.0"
  resolved "https://repository.vnerd.com/artifactory/api/npm/npm-pluralsight/yargs/-/yargs-16.2.0.tgz#1c82bf0f6b6a66eafce7ef30e376f49a12477f66"
  integrity sha1-HIK/D2tqZur85+8w43b0mhJHf2Y=
  dependencies:
    cliui "^7.0.2"
    escalade "^3.1.1"
    get-caller-file "^2.0.5"
    require-directory "^2.1.1"
    string-width "^4.2.0"
    y18n "^5.0.5"
    yargs-parser "^20.2.2"
